
Microsoft Visual Studio Solution File, Format Version 12.00
# Visual Studio 15
VisualStudioVersion = 15.0.28010.2050
MinimumVisualStudioVersion = 10.0.40219.1
Project("{FAE04EC0-301F-11D3-BF4B-00C04F79EFBC}") = "firstapp", "firstapp\firstapp.csproj", "{535FAF22-9152-43C1-A335-39F4AA376453}"
EndProject
Global
	GlobalSection(SolutionConfigurationPlatforms) = preSolution
		Debug|Any CPU = Debug|Any CPU
		Release|Any CPU = Release|Any CPU
	EndGlobalSection
	GlobalSection(ProjectConfigurationPlatforms) = postSolution
		{535FAF22-9152-43C1-A335-39F4AA376453}.Debug|Any CPU.ActiveCfg = Debug|Any CPU
		{535FAF22-9152-43C1-A335-39F4AA376453}.Debug|Any CPU.Build.0 = Debug|Any CPU
		{535FAF22-9152-43C1-A335-39F4AA376453}.Release|Any CPU.ActiveCfg = Release|Any CPU
		{535FAF22-9152-43C1-A335-39F4AA376453}.Release|Any CPU.Build.0 = Release|Any CPU
	EndGlobalSection
	GlobalSection(SolutionProperties) = preSolution
		HideSolutionNode = FALSE
	EndGlobalSection
	GlobalSection(ExtensibilityGlobals) = postSolution
		SolutionGuid = {4649EE52-D38C-43FA-8A4F-29E751D75C9B}
	EndGlobalSection
EndGlobal
